
Microsoft Visual Studio Solution File, Format Version 12.00
# Visual Studio Version 16
VisualStudioVersion = 16.0.29102.190
MinimumVisualStudioVersion = 10.0.40219.1
Project("{9A19103F-16F7-4668-BE54-9A1E7A4F7556}") = "Client", "Client\Client.csproj", "{3AE538BB-2EAA-454F-A9DC-81FAB406D67B}"
EndProject
Project("{FAE04EC0-301F-11D3-BF4B-00C04F79EFBC}") = "DAL", "DAL\DAL.csproj", "{941789CB-0ECA-4DE2-ADD3-9E2160BEA660}"
EndProject
Project("{2150E333-8FDC-42A3-9474-1A3956D46DE8}") = "01 - Client", "01 - Client", "{38487D5D-E763-40B5-A8A6-7D384B59B3A7}"
EndProject
Project("{2150E333-8FDC-42A3-9474-1A3956D46DE8}") = "02 - API", "02 - API", "{B2C30E04-3F74-4F8D-9B39-C59D1F0AFEE0}"
EndProject
Project("{2150E333-8FDC-42A3-9474-1A3956D46DE8}") = "Processer", "Processer", "{FD6F67F9-2E09-46C6-BF66-747F34CD1743}"
EndProject
Project("{2150E333-8FDC-42A3-9474-1A3956D46DE8}") = "04 - Web", "04 - Web", "{47EA4C88-CDA2-4FE0-96C1-4FB278BEDAE5}"
EndProject
Project("{FAE04EC0-301F-11D3-BF4B-00C04F79EFBC}") = "WebAPI", "..\..\API\WebAPI\WebAPI.csproj", "{ABFBE0E3-1933-49B2-BA5C-2AAE5940EE87}"
EndProject
Project("{FAE04EC0-301F-11D3-BF4B-00C04F79EFBC}") = "Processer", "..\..\API\Processer\Processer.csproj", "{09D3507B-6F7C-4436-B540-12E91CDC977E}"
EndProject
Project("{2150E333-8FDC-42A3-9474-1A3956D46DE8}") = "API", "API", "{2D589772-AC15-4610-906E-F2F6C2AC8AF0}"
EndProject
Global
	GlobalSection(SolutionConfigurationPlatforms) = preSolution
		Debug|Any CPU = Debug|Any CPU
		Release|Any CPU = Release|Any CPU
	EndGlobalSection
	GlobalSection(ProjectConfigurationPlatforms) = postSolution
		{3AE538BB-2EAA-454F-A9DC-81FAB406D67B}.Debug|Any CPU.ActiveCfg = Debug|Any CPU
		{3AE538BB-2EAA-454F-A9DC-81FAB406D67B}.Debug|Any CPU.Build.0 = Debug|Any CPU
		{3AE538BB-2EAA-454F-A9DC-81FAB406D67B}.Release|Any CPU.ActiveCfg = Release|Any CPU
		{3AE538BB-2EAA-454F-A9DC-81FAB406D67B}.Release|Any CPU.Build.0 = Release|Any CPU
		{941789CB-0ECA-4DE2-ADD3-9E2160BEA660}.Debug|Any CPU.ActiveCfg = Debug|Any CPU
		{941789CB-0ECA-4DE2-ADD3-9E2160BEA660}.Debug|Any CPU.Build.0 = Debug|Any CPU
		{941789CB-0ECA-4DE2-ADD3-9E2160BEA660}.Release|Any CPU.ActiveCfg = Release|Any CPU
		{941789CB-0ECA-4DE2-ADD3-9E2160BEA660}.Release|Any CPU.Build.0 = Release|Any CPU
		{ABFBE0E3-1933-49B2-BA5C-2AAE5940EE87}.Debug|Any CPU.ActiveCfg = Debug|Any CPU
		{ABFBE0E3-1933-49B2-BA5C-2AAE5940EE87}.Debug|Any CPU.Build.0 = Debug|Any CPU
		{ABFBE0E3-1933-49B2-BA5C-2AAE5940EE87}.Release|Any CPU.ActiveCfg = Release|Any CPU
		{ABFBE0E3-1933-49B2-BA5C-2AAE5940EE87}.Release|Any CPU.Build.0 = Release|Any CPU
		{09D3507B-6F7C-4436-B540-12E91CDC977E}.Debug|Any CPU.ActiveCfg = Debug|Any CPU
		{09D3507B-6F7C-4436-B540-12E91CDC977E}.Debug|Any CPU.Build.0 = Debug|Any CPU
		{09D3507B-6F7C-4436-B540-12E91CDC977E}.Release|Any CPU.ActiveCfg = Release|Any CPU
		{09D3507B-6F7C-4436-B540-12E91CDC977E}.Release|Any CPU.Build.0 = Release|Any CPU
	EndGlobalSection
	GlobalSection(SolutionProperties) = preSolution
		HideSolutionNode = FALSE
	EndGlobalSection
	GlobalSection(NestedProjects) = preSolution
		{3AE538BB-2EAA-454F-A9DC-81FAB406D67B} = {38487D5D-E763-40B5-A8A6-7D384B59B3A7}
		{941789CB-0ECA-4DE2-ADD3-9E2160BEA660} = {38487D5D-E763-40B5-A8A6-7D384B59B3A7}
		{FD6F67F9-2E09-46C6-BF66-747F34CD1743} = {B2C30E04-3F74-4F8D-9B39-C59D1F0AFEE0}
		{ABFBE0E3-1933-49B2-BA5C-2AAE5940EE87} = {2D589772-AC15-4610-906E-F2F6C2AC8AF0}
		{09D3507B-6F7C-4436-B540-12E91CDC977E} = {FD6F67F9-2E09-46C6-BF66-747F34CD1743}
		{2D589772-AC15-4610-906E-F2F6C2AC8AF0} = {B2C30E04-3F74-4F8D-9B39-C59D1F0AFEE0}
	EndGlobalSection
	GlobalSection(ExtensibilityGlobals) = postSolution
		SolutionGuid = {E50E4335-1D78-4571-99FF-67DA576A61A8}
	EndGlobalSection
EndGlobal
