
Microsoft Visual Studio Solution File, Format Version 12.00
# Visual Studio Version 16
VisualStudioVersion = 16.0.29102.190
MinimumVisualStudioVersion = 10.0.40219.1
Project("{2150E333-8FDC-42A3-9474-1A3956D46DE8}") = "01 - Client", "01 - Client", "{38487D5D-E763-40B5-A8A6-7D384B59B3A7}"
EndProject
Project("{2150E333-8FDC-42A3-9474-1A3956D46DE8}") = "02 - API", "02 - API", "{B2C30E04-3F74-4F8D-9B39-C59D1F0AFEE0}"
EndProject
Project("{2150E333-8FDC-42A3-9474-1A3956D46DE8}") = "Processer", "Processer", "{FD6F67F9-2E09-46C6-BF66-747F34CD1743}"
EndProject
Project("{2150E333-8FDC-42A3-9474-1A3956D46DE8}") = "04 - Web", "04 - Web", "{47EA4C88-CDA2-4FE0-96C1-4FB278BEDAE5}"
EndProject
Project("{9A19103F-16F7-4668-BE54-9A1E7A4F7556}") = "WebAPI", "..\..\API\WebAPI\WebAPI.csproj", "{ABFBE0E3-1933-49B2-BA5C-2AAE5940EE87}"
EndProject
Project("{9A19103F-16F7-4668-BE54-9A1E7A4F7556}") = "Processer", "..\..\API\Processer\Processer.csproj", "{09D3507B-6F7C-4436-B540-12E91CDC977E}"
EndProject
Project("{2150E333-8FDC-42A3-9474-1A3956D46DE8}") = "API", "API", "{2D589772-AC15-4610-906E-F2F6C2AC8AF0}"
EndProject
Project("{FAE04EC0-301F-11D3-BF4B-00C04F79EFBC}") = "ClientWinService", "..\ClientWinService\ClientWinService\ClientWinService.csproj", "{D6F57BEF-FABA-4605-87FD-BA8E66B65030}"
EndProject
Project("{FAE04EC0-301F-11D3-BF4B-00C04F79EFBC}") = "DTO", "..\..\DTO\DTO\DTO.csproj", "{BF6EEBB1-D5A6-478A-B931-F520DCBFB7B2}"
EndProject
Project("{2150E333-8FDC-42A3-9474-1A3956D46DE8}") = "05 -DTO", "05 -DTO", "{A619C20D-D51D-4C23-B858-8FCE27837C4E}"
EndProject
Project("{2150E333-8FDC-42A3-9474-1A3956D46DE8}") = "06 - Utils", "06 - Utils", "{E73EE78D-5A2B-47A1-85E4-177B34BF5CF3}"
EndProject
Project("{FAE04EC0-301F-11D3-BF4B-00C04F79EFBC}") = "Util", "Util\Util.csproj", "{BB63F7D4-97B8-425B-8D1B-AB03B202BD5D}"
EndProject
Project("{2150E333-8FDC-42A3-9474-1A3956D46DE8}") = "Test", "Test", "{4B9183B6-BDDB-40DB-8B01-8CD5E07D2A63}"
EndProject
Project("{FAE04EC0-301F-11D3-BF4B-00C04F79EFBC}") = "UnitTestSingular", "..\..\UnitTest\Singular\UnitTestSingular\UnitTestSingular.csproj", "{5AA80DEB-49D8-452C-915E-1FCC39D9ED63}"
EndProject
Global
	GlobalSection(SolutionConfigurationPlatforms) = preSolution
		Debug|Any CPU = Debug|Any CPU
		Release|Any CPU = Release|Any CPU
	EndGlobalSection
	GlobalSection(ProjectConfigurationPlatforms) = postSolution
		{ABFBE0E3-1933-49B2-BA5C-2AAE5940EE87}.Debug|Any CPU.ActiveCfg = Debug|Any CPU
		{ABFBE0E3-1933-49B2-BA5C-2AAE5940EE87}.Debug|Any CPU.Build.0 = Debug|Any CPU
		{ABFBE0E3-1933-49B2-BA5C-2AAE5940EE87}.Release|Any CPU.ActiveCfg = Release|Any CPU
		{ABFBE0E3-1933-49B2-BA5C-2AAE5940EE87}.Release|Any CPU.Build.0 = Release|Any CPU
		{09D3507B-6F7C-4436-B540-12E91CDC977E}.Debug|Any CPU.ActiveCfg = Debug|Any CPU
		{09D3507B-6F7C-4436-B540-12E91CDC977E}.Debug|Any CPU.Build.0 = Debug|Any CPU
		{09D3507B-6F7C-4436-B540-12E91CDC977E}.Release|Any CPU.ActiveCfg = Release|Any CPU
		{09D3507B-6F7C-4436-B540-12E91CDC977E}.Release|Any CPU.Build.0 = Release|Any CPU
		{D6F57BEF-FABA-4605-87FD-BA8E66B65030}.Debug|Any CPU.ActiveCfg = Debug|Any CPU
		{D6F57BEF-FABA-4605-87FD-BA8E66B65030}.Debug|Any CPU.Build.0 = Debug|Any CPU
		{D6F57BEF-FABA-4605-87FD-BA8E66B65030}.Release|Any CPU.ActiveCfg = Release|Any CPU
		{D6F57BEF-FABA-4605-87FD-BA8E66B65030}.Release|Any CPU.Build.0 = Release|Any CPU
		{BF6EEBB1-D5A6-478A-B931-F520DCBFB7B2}.Debug|Any CPU.ActiveCfg = Debug|Any CPU
		{BF6EEBB1-D5A6-478A-B931-F520DCBFB7B2}.Debug|Any CPU.Build.0 = Debug|Any CPU
		{BF6EEBB1-D5A6-478A-B931-F520DCBFB7B2}.Release|Any CPU.ActiveCfg = Release|Any CPU
		{BF6EEBB1-D5A6-478A-B931-F520DCBFB7B2}.Release|Any CPU.Build.0 = Release|Any CPU
		{BB63F7D4-97B8-425B-8D1B-AB03B202BD5D}.Debug|Any CPU.ActiveCfg = Debug|Any CPU
		{BB63F7D4-97B8-425B-8D1B-AB03B202BD5D}.Debug|Any CPU.Build.0 = Debug|Any CPU
		{BB63F7D4-97B8-425B-8D1B-AB03B202BD5D}.Release|Any CPU.ActiveCfg = Release|Any CPU
		{BB63F7D4-97B8-425B-8D1B-AB03B202BD5D}.Release|Any CPU.Build.0 = Release|Any CPU
		{5AA80DEB-49D8-452C-915E-1FCC39D9ED63}.Debug|Any CPU.ActiveCfg = Debug|Any CPU
		{5AA80DEB-49D8-452C-915E-1FCC39D9ED63}.Debug|Any CPU.Build.0 = Debug|Any CPU
		{5AA80DEB-49D8-452C-915E-1FCC39D9ED63}.Release|Any CPU.ActiveCfg = Release|Any CPU
		{5AA80DEB-49D8-452C-915E-1FCC39D9ED63}.Release|Any CPU.Build.0 = Release|Any CPU
	EndGlobalSection
	GlobalSection(SolutionProperties) = preSolution
		HideSolutionNode = FALSE
	EndGlobalSection
	GlobalSection(NestedProjects) = preSolution
		{FD6F67F9-2E09-46C6-BF66-747F34CD1743} = {B2C30E04-3F74-4F8D-9B39-C59D1F0AFEE0}
		{ABFBE0E3-1933-49B2-BA5C-2AAE5940EE87} = {2D589772-AC15-4610-906E-F2F6C2AC8AF0}
		{09D3507B-6F7C-4436-B540-12E91CDC977E} = {FD6F67F9-2E09-46C6-BF66-747F34CD1743}
		{2D589772-AC15-4610-906E-F2F6C2AC8AF0} = {B2C30E04-3F74-4F8D-9B39-C59D1F0AFEE0}
		{D6F57BEF-FABA-4605-87FD-BA8E66B65030} = {38487D5D-E763-40B5-A8A6-7D384B59B3A7}
		{BF6EEBB1-D5A6-478A-B931-F520DCBFB7B2} = {A619C20D-D51D-4C23-B858-8FCE27837C4E}
		{BB63F7D4-97B8-425B-8D1B-AB03B202BD5D} = {E73EE78D-5A2B-47A1-85E4-177B34BF5CF3}
		{5AA80DEB-49D8-452C-915E-1FCC39D9ED63} = {4B9183B6-BDDB-40DB-8B01-8CD5E07D2A63}
	EndGlobalSection
	GlobalSection(ExtensibilityGlobals) = postSolution
		SolutionGuid = {E50E4335-1D78-4571-99FF-67DA576A61A8}
	EndGlobalSection
EndGlobal
