
Microsoft Visual Studio Solution File, Format Version 12.00
# Visual Studio Version 16
VisualStudioVersion = 16.0.29102.190
MinimumVisualStudioVersion = 10.0.40219.1
Project("{2150E333-8FDC-42A3-9474-1A3956D46DE8}") = "01 - View", "01 - View", "{38487D5D-E763-40B5-A8A6-7D384B59B3A7}"
EndProject
Project("{2150E333-8FDC-42A3-9474-1A3956D46DE8}") = "02 - Controllers", "02 - Controllers", "{B2C30E04-3F74-4F8D-9B39-C59D1F0AFEE0}"
EndProject
Project("{2150E333-8FDC-42A3-9474-1A3956D46DE8}") = "API", "API", "{2D589772-AC15-4610-906E-F2F6C2AC8AF0}"
EndProject
Project("{FAE04EC0-301F-11D3-BF4B-00C04F79EFBC}") = "ClientWinService", "..\ClientWinService\ClientWinService\ClientWinService.csproj", "{D6F57BEF-FABA-4605-87FD-BA8E66B65030}"
EndProject
Project("{9A19103F-16F7-4668-BE54-9A1E7A4F7556}") = "DTO", "..\..\DTO\DTO\DTO.csproj", "{BF6EEBB1-D5A6-478A-B931-F520DCBFB7B2}"
EndProject
Project("{2150E333-8FDC-42A3-9474-1A3956D46DE8}") = "04 - Repositories", "04 - Repositories", "{A619C20D-D51D-4C23-B858-8FCE27837C4E}"
EndProject
Project("{2150E333-8FDC-42A3-9474-1A3956D46DE8}") = "05 - DTO", "05 - DTO", "{E73EE78D-5A2B-47A1-85E4-177B34BF5CF3}"
EndProject
Project("{9A19103F-16F7-4668-BE54-9A1E7A4F7556}") = "Util", "Util\Util.csproj", "{BB63F7D4-97B8-425B-8D1B-AB03B202BD5D}"
EndProject
Project("{2150E333-8FDC-42A3-9474-1A3956D46DE8}") = "06 - Tests", "06 - Tests", "{4B9183B6-BDDB-40DB-8B01-8CD5E07D2A63}"
EndProject
Project("{9A19103F-16F7-4668-BE54-9A1E7A4F7556}") = "UnitTestSingular", "..\..\UnitTest\Singular\UnitTestSingular\UnitTestSingular.csproj", "{5AA80DEB-49D8-452C-915E-1FCC39D9ED63}"
EndProject
Project("{9A19103F-16F7-4668-BE54-9A1E7A4F7556}") = "Repository", "..\..\Repository\Repository\Repository.csproj", "{8A0D3C98-FBCF-438A-9CE2-5E95B91DA99F}"
EndProject
Project("{2150E333-8FDC-42A3-9474-1A3956D46DE8}") = "01 - WinServices", "01 - WinServices", "{6463C4A3-B944-4EB1-9768-BF3F4839A2B8}"
EndProject
Project("{2150E333-8FDC-42A3-9474-1A3956D46DE8}") = "03 - Repositories", "03 - Repositories", "{85BC453C-EE80-484C-8A79-767EA5653FCB}"
EndProject
Project("{2150E333-8FDC-42A3-9474-1A3956D46DE8}") = "04 - Libraries", "04 - Libraries", "{516AD51D-B99E-405D-B0CB-217676A76A66}"
EndProject
Project("{FAE04EC0-301F-11D3-BF4B-00C04F79EFBC}") = "ProcesserWinService", "..\Processer\ProcesserWinService.csproj", "{94DD212A-0C52-48FC-850F-28574AC28EE2}"
EndProject
Project("{9A19103F-16F7-4668-BE54-9A1E7A4F7556}") = "WebAPI", "..\..\API\WebAPI\WebAPI.csproj", "{15A7BC2C-F8DE-46BF-8587-05DB2AB66819}"
EndProject
Project("{2150E333-8FDC-42A3-9474-1A3956D46DE8}") = "03 - Models", "03 - Models", "{E4175DB7-23BE-4BDA-97B2-0B3B93735CCD}"
EndProject
Project("{9A19103F-16F7-4668-BE54-9A1E7A4F7556}") = "Models", "Models\Models.csproj", "{B77A0885-50AA-44F7-8AD4-23BC1FBBF2D0}"
EndProject
Project("{FAE04EC0-301F-11D3-BF4B-00C04F79EFBC}") = "SingularWeb", "..\..\View\SingularWeb\SingularWeb.csproj", "{DEAFCCA5-6EA3-40CA-8634-84A196C8B633}"
EndProject
Global
	GlobalSection(SolutionConfigurationPlatforms) = preSolution
		Debug|Any CPU = Debug|Any CPU
		Release|Any CPU = Release|Any CPU
	EndGlobalSection
	GlobalSection(ProjectConfigurationPlatforms) = postSolution
		{D6F57BEF-FABA-4605-87FD-BA8E66B65030}.Debug|Any CPU.ActiveCfg = Debug|Any CPU
		{D6F57BEF-FABA-4605-87FD-BA8E66B65030}.Debug|Any CPU.Build.0 = Debug|Any CPU
		{D6F57BEF-FABA-4605-87FD-BA8E66B65030}.Release|Any CPU.ActiveCfg = Release|Any CPU
		{D6F57BEF-FABA-4605-87FD-BA8E66B65030}.Release|Any CPU.Build.0 = Release|Any CPU
		{BF6EEBB1-D5A6-478A-B931-F520DCBFB7B2}.Debug|Any CPU.ActiveCfg = Debug|Any CPU
		{BF6EEBB1-D5A6-478A-B931-F520DCBFB7B2}.Debug|Any CPU.Build.0 = Debug|Any CPU
		{BF6EEBB1-D5A6-478A-B931-F520DCBFB7B2}.Release|Any CPU.ActiveCfg = Release|Any CPU
		{BF6EEBB1-D5A6-478A-B931-F520DCBFB7B2}.Release|Any CPU.Build.0 = Release|Any CPU
		{BB63F7D4-97B8-425B-8D1B-AB03B202BD5D}.Debug|Any CPU.ActiveCfg = Debug|Any CPU
		{BB63F7D4-97B8-425B-8D1B-AB03B202BD5D}.Debug|Any CPU.Build.0 = Debug|Any CPU
		{BB63F7D4-97B8-425B-8D1B-AB03B202BD5D}.Release|Any CPU.ActiveCfg = Release|Any CPU
		{BB63F7D4-97B8-425B-8D1B-AB03B202BD5D}.Release|Any CPU.Build.0 = Release|Any CPU
		{5AA80DEB-49D8-452C-915E-1FCC39D9ED63}.Debug|Any CPU.ActiveCfg = Debug|Any CPU
		{5AA80DEB-49D8-452C-915E-1FCC39D9ED63}.Debug|Any CPU.Build.0 = Debug|Any CPU
		{5AA80DEB-49D8-452C-915E-1FCC39D9ED63}.Release|Any CPU.ActiveCfg = Release|Any CPU
		{5AA80DEB-49D8-452C-915E-1FCC39D9ED63}.Release|Any CPU.Build.0 = Release|Any CPU
		{8A0D3C98-FBCF-438A-9CE2-5E95B91DA99F}.Debug|Any CPU.ActiveCfg = Debug|Any CPU
		{8A0D3C98-FBCF-438A-9CE2-5E95B91DA99F}.Debug|Any CPU.Build.0 = Debug|Any CPU
		{8A0D3C98-FBCF-438A-9CE2-5E95B91DA99F}.Release|Any CPU.ActiveCfg = Release|Any CPU
		{8A0D3C98-FBCF-438A-9CE2-5E95B91DA99F}.Release|Any CPU.Build.0 = Release|Any CPU
		{94DD212A-0C52-48FC-850F-28574AC28EE2}.Debug|Any CPU.ActiveCfg = Debug|Any CPU
		{94DD212A-0C52-48FC-850F-28574AC28EE2}.Debug|Any CPU.Build.0 = Debug|Any CPU
		{94DD212A-0C52-48FC-850F-28574AC28EE2}.Release|Any CPU.ActiveCfg = Release|Any CPU
		{94DD212A-0C52-48FC-850F-28574AC28EE2}.Release|Any CPU.Build.0 = Release|Any CPU
		{15A7BC2C-F8DE-46BF-8587-05DB2AB66819}.Debug|Any CPU.ActiveCfg = Debug|Any CPU
		{15A7BC2C-F8DE-46BF-8587-05DB2AB66819}.Debug|Any CPU.Build.0 = Debug|Any CPU
		{15A7BC2C-F8DE-46BF-8587-05DB2AB66819}.Release|Any CPU.ActiveCfg = Release|Any CPU
		{15A7BC2C-F8DE-46BF-8587-05DB2AB66819}.Release|Any CPU.Build.0 = Release|Any CPU
		{B77A0885-50AA-44F7-8AD4-23BC1FBBF2D0}.Debug|Any CPU.ActiveCfg = Debug|Any CPU
		{B77A0885-50AA-44F7-8AD4-23BC1FBBF2D0}.Debug|Any CPU.Build.0 = Debug|Any CPU
		{B77A0885-50AA-44F7-8AD4-23BC1FBBF2D0}.Release|Any CPU.ActiveCfg = Release|Any CPU
		{B77A0885-50AA-44F7-8AD4-23BC1FBBF2D0}.Release|Any CPU.Build.0 = Release|Any CPU
		{DEAFCCA5-6EA3-40CA-8634-84A196C8B633}.Debug|Any CPU.ActiveCfg = Debug|Any CPU
		{DEAFCCA5-6EA3-40CA-8634-84A196C8B633}.Debug|Any CPU.Build.0 = Debug|Any CPU
		{DEAFCCA5-6EA3-40CA-8634-84A196C8B633}.Release|Any CPU.ActiveCfg = Release|Any CPU
		{DEAFCCA5-6EA3-40CA-8634-84A196C8B633}.Release|Any CPU.Build.0 = Release|Any CPU
	EndGlobalSection
	GlobalSection(SolutionProperties) = preSolution
		HideSolutionNode = FALSE
	EndGlobalSection
	GlobalSection(NestedProjects) = preSolution
		{2D589772-AC15-4610-906E-F2F6C2AC8AF0} = {B2C30E04-3F74-4F8D-9B39-C59D1F0AFEE0}
		{D6F57BEF-FABA-4605-87FD-BA8E66B65030} = {6463C4A3-B944-4EB1-9768-BF3F4839A2B8}
		{BF6EEBB1-D5A6-478A-B931-F520DCBFB7B2} = {E73EE78D-5A2B-47A1-85E4-177B34BF5CF3}
		{BB63F7D4-97B8-425B-8D1B-AB03B202BD5D} = {516AD51D-B99E-405D-B0CB-217676A76A66}
		{5AA80DEB-49D8-452C-915E-1FCC39D9ED63} = {4B9183B6-BDDB-40DB-8B01-8CD5E07D2A63}
		{8A0D3C98-FBCF-438A-9CE2-5E95B91DA99F} = {85BC453C-EE80-484C-8A79-767EA5653FCB}
		{6463C4A3-B944-4EB1-9768-BF3F4839A2B8} = {A619C20D-D51D-4C23-B858-8FCE27837C4E}
		{85BC453C-EE80-484C-8A79-767EA5653FCB} = {A619C20D-D51D-4C23-B858-8FCE27837C4E}
		{516AD51D-B99E-405D-B0CB-217676A76A66} = {A619C20D-D51D-4C23-B858-8FCE27837C4E}
		{94DD212A-0C52-48FC-850F-28574AC28EE2} = {6463C4A3-B944-4EB1-9768-BF3F4839A2B8}
		{15A7BC2C-F8DE-46BF-8587-05DB2AB66819} = {2D589772-AC15-4610-906E-F2F6C2AC8AF0}
		{B77A0885-50AA-44F7-8AD4-23BC1FBBF2D0} = {E4175DB7-23BE-4BDA-97B2-0B3B93735CCD}
		{DEAFCCA5-6EA3-40CA-8634-84A196C8B633} = {38487D5D-E763-40B5-A8A6-7D384B59B3A7}
	EndGlobalSection
	GlobalSection(ExtensibilityGlobals) = postSolution
		SolutionGuid = {E50E4335-1D78-4571-99FF-67DA576A61A8}
	EndGlobalSection
EndGlobal
